
Microsoft Visual Studio Solution File, Format Version 12.00
# Visual Studio Version 17
VisualStudioVersion = 17.4.33122.133
MinimumVisualStudioVersion = 10.0.40219.1
Project("{FAE04EC0-301F-11D3-BF4B-00C04F79EFBC}") = "Bordspelhub", "Bordspelhub.csproj", "{411223CA-45C2-492C-AA56-EF05F7EFF0D9}"
EndProject
Global
	GlobalSection(SolutionConfigurationPlatforms) = preSolution
		Debug|Any CPU = Debug|Any CPU
		Release|Any CPU = Release|Any CPU
	EndGlobalSection
	GlobalSection(ProjectConfigurationPlatforms) = postSolution
		{411223CA-45C2-492C-AA56-EF05F7EFF0D9}.Debug|Any CPU.ActiveCfg = Debug|Any CPU
		{411223CA-45C2-492C-AA56-EF05F7EFF0D9}.Debug|Any CPU.Build.0 = Debug|Any CPU
		{411223CA-45C2-492C-AA56-EF05F7EFF0D9}.Release|Any CPU.ActiveCfg = Release|Any CPU
		{411223CA-45C2-492C-AA56-EF05F7EFF0D9}.Release|Any CPU.Build.0 = Release|Any CPU
	EndGlobalSection
	GlobalSection(SolutionProperties) = preSolution
		HideSolutionNode = FALSE
	EndGlobalSection
	GlobalSection(ExtensibilityGlobals) = postSolution
		SolutionGuid = {96F8D6F6-7FFD-4866-94E6-B80AC40F12E0}
	EndGlobalSection
EndGlobal
